# THIS IS AN AUTOGENERATED FILE. DO NOT EDIT THIS FILE DIRECTLY.
# yarn lockfile v1


h5p-standalone@^3.5.0:
  version "3.5.0"
  resolved "https://registry.yarnpkg.com/h5p-standalone/-/h5p-standalone-3.5.0.tgz#87351130820f31525292181f0ed0a070de51d250"
  integrity sha512-LC2pYTp+0oUweX9G0Y0hKuh72WcZC16YA8DrGnmWmriuovEAYlnvEUL0X9Jfo71xWSp7ajfFv/OhzbQ89nk+Qg==
